
Microsoft Visual Studio Solution File, Format Version 12.00
# Visual Studio Version 17
VisualStudioVersion = 17.12.35527.113
MinimumVisualStudioVersion = 10.0.40219.1
Project("{2150E333-8FDC-42A3-9474-1A3956D46DE8}") = "Tests", "Tests", "{69C9156C-37B8-4A23-BD5C-9F1060871AD2}"
EndProject
Project("{FAE04EC0-301F-11D3-BF4B-00C04F79EFBC}") = "ToyRobotSimulator.Tests", "ToyRobotSimulator.Tests\ToyRobotSimulator.Tests.csproj", "{EEC982D9-EDFA-4F27-8E72-D1D5159A3FE9}"
EndProject
Project("{2150E333-8FDC-42A3-9474-1A3956D46DE8}") = "Domain", "Domain", "{30ECAE10-8762-44A5-B6A9-AB39AF18D743}"
EndProject
Project("{FAE04EC0-301F-11D3-BF4B-00C04F79EFBC}") = "ToyRobotSimulator.Domain", "ToyRobotSimulator.Domain\ToyRobotSimulator.Domain.csproj", "{33E06681-D126-4C4E-BE47-2EA6AF1E61FB}"
EndProject
Project("{2150E333-8FDC-42A3-9474-1A3956D46DE8}") = "Application", "Application", "{C5DD2C23-C637-4275-BD2C-A8F0624F6CFE}"
EndProject
Project("{FAE04EC0-301F-11D3-BF4B-00C04F79EFBC}") = "ToyRobotSimulator.Application", "ToyRobotSimulator.Application\ToyRobotSimulator.Application.csproj", "{98DC2BEF-515B-4642-A88D-672F84C79201}"
EndProject
Project("{2150E333-8FDC-42A3-9474-1A3956D46DE8}") = "Infrastructure", "Infrastructure", "{90D895CF-D4D6-40CF-BB92-F0F1864A528B}"
EndProject
Project("{FAE04EC0-301F-11D3-BF4B-00C04F79EFBC}") = "ToyRobotSimulator.Infrastructure", "ToyRobotSimulator.Infrastructure\ToyRobotSimulator.Infrastructure.csproj", "{9BA42E6B-6782-4803-90FE-D72286DDBDC7}"
EndProject
Project("{2150E333-8FDC-42A3-9474-1A3956D46DE8}") = "Presentation", "Presentation", "{BD2D6979-F7F1-4889-98A0-5623AA10947A}"
EndProject
Project("{FAE04EC0-301F-11D3-BF4B-00C04F79EFBC}") = "ToyRobotSimulator.ConsoleApp", "ToyRobotSimulator.ConsoleApp\ToyRobotSimulator.ConsoleApp.csproj", "{25FCA538-DECA-4525-8229-E30CA2BDAE48}"
EndProject
Global
	GlobalSection(SolutionConfigurationPlatforms) = preSolution
		Debug|Any CPU = Debug|Any CPU
		Release|Any CPU = Release|Any CPU
	EndGlobalSection
	GlobalSection(ProjectConfigurationPlatforms) = postSolution
		{EEC982D9-EDFA-4F27-8E72-D1D5159A3FE9}.Debug|Any CPU.ActiveCfg = Debug|Any CPU
		{EEC982D9-EDFA-4F27-8E72-D1D5159A3FE9}.Debug|Any CPU.Build.0 = Debug|Any CPU
		{EEC982D9-EDFA-4F27-8E72-D1D5159A3FE9}.Release|Any CPU.ActiveCfg = Release|Any CPU
		{EEC982D9-EDFA-4F27-8E72-D1D5159A3FE9}.Release|Any CPU.Build.0 = Release|Any CPU
		{33E06681-D126-4C4E-BE47-2EA6AF1E61FB}.Debug|Any CPU.ActiveCfg = Debug|Any CPU
		{33E06681-D126-4C4E-BE47-2EA6AF1E61FB}.Debug|Any CPU.Build.0 = Debug|Any CPU
		{33E06681-D126-4C4E-BE47-2EA6AF1E61FB}.Release|Any CPU.ActiveCfg = Release|Any CPU
		{33E06681-D126-4C4E-BE47-2EA6AF1E61FB}.Release|Any CPU.Build.0 = Release|Any CPU
		{98DC2BEF-515B-4642-A88D-672F84C79201}.Debug|Any CPU.ActiveCfg = Debug|Any CPU
		{98DC2BEF-515B-4642-A88D-672F84C79201}.Debug|Any CPU.Build.0 = Debug|Any CPU
		{98DC2BEF-515B-4642-A88D-672F84C79201}.Release|Any CPU.ActiveCfg = Release|Any CPU
		{98DC2BEF-515B-4642-A88D-672F84C79201}.Release|Any CPU.Build.0 = Release|Any CPU
		{9BA42E6B-6782-4803-90FE-D72286DDBDC7}.Debug|Any CPU.ActiveCfg = Debug|Any CPU
		{9BA42E6B-6782-4803-90FE-D72286DDBDC7}.Debug|Any CPU.Build.0 = Debug|Any CPU
		{9BA42E6B-6782-4803-90FE-D72286DDBDC7}.Release|Any CPU.ActiveCfg = Release|Any CPU
		{9BA42E6B-6782-4803-90FE-D72286DDBDC7}.Release|Any CPU.Build.0 = Release|Any CPU
		{25FCA538-DECA-4525-8229-E30CA2BDAE48}.Debug|Any CPU.ActiveCfg = Debug|Any CPU
		{25FCA538-DECA-4525-8229-E30CA2BDAE48}.Debug|Any CPU.Build.0 = Debug|Any CPU
		{25FCA538-DECA-4525-8229-E30CA2BDAE48}.Release|Any CPU.ActiveCfg = Release|Any CPU
		{25FCA538-DECA-4525-8229-E30CA2BDAE48}.Release|Any CPU.Build.0 = Release|Any CPU
	EndGlobalSection
	GlobalSection(SolutionProperties) = preSolution
		HideSolutionNode = FALSE
	EndGlobalSection
	GlobalSection(NestedProjects) = preSolution
		{EEC982D9-EDFA-4F27-8E72-D1D5159A3FE9} = {69C9156C-37B8-4A23-BD5C-9F1060871AD2}
		{33E06681-D126-4C4E-BE47-2EA6AF1E61FB} = {30ECAE10-8762-44A5-B6A9-AB39AF18D743}
		{98DC2BEF-515B-4642-A88D-672F84C79201} = {C5DD2C23-C637-4275-BD2C-A8F0624F6CFE}
		{9BA42E6B-6782-4803-90FE-D72286DDBDC7} = {90D895CF-D4D6-40CF-BB92-F0F1864A528B}
		{25FCA538-DECA-4525-8229-E30CA2BDAE48} = {BD2D6979-F7F1-4889-98A0-5623AA10947A}
	EndGlobalSection
EndGlobal
